PODS:
  - AFNetworking (3.2.1):
    - AFNetworking/NSURLSession (= 3.2.1)
    - AFNetworking/Reachability (= 3.2.1)
    - AFNetworking/Security (= 3.2.1)
    - AFNetworking/Serialization (= 3.2.1)
    - AFNetworking/UIKit (= 3.2.1)
  - AFNetworking/NSURLSession (3.2.1):
    - AFNetworking/Reachability
    - AFNetworking/Security
    - AFNetworking/Serialization
  - AFNetworking/Reachability (3.2.1)
  - AFNetworking/Security (3.2.1)
  - AFNetworking/Serialization (3.2.1)
  - AFNetworking/UIKit (3.2.1):
    - AFNetworking/NSURLSession
  - BDGCategories (0.0.36)
  - BDGImagePicker (0.0.18):
    - BDGCategories
  - BDGMacros (0.0.22)
  - BDGViews (0.0.10)

DEPENDENCIES:
  - AFNetworking
  - BDGCategories
  - BDGImagePicker
  - BDGMacros
  - BDGViews

SPEC REPOS:
  https://github.com/cocoapods/specs.git:
    - AFNetworking
    - BDGCategories
    - BDGImagePicker
    - BDGMacros
    - BDGViews

SPEC CHECKSUMS:
  AFNetworking: b6f891fdfaed196b46c7a83cf209e09697b94057
  BDGCategories: 0b4f3a768ba6e20a416e6b9ac3a92070d2db4093
  BDGImagePicker: ae9d4ed516d1aab45fa3071076c528384f05cc1c
  BDGMacros: 57f9ce27325b196824b134cffa35951fd42525cc
  BDGViews: f2176950ca23e79af61f96ae40ecfc58bfdc4d44

PODFILE CHECKSUM: ca46cb5dff268ad6d5302e50a2fef3d6a7f54ee7

COCOAPODS: 1.5.3
