PODS:
  - AFNetworking (3.1.0):
    - AFNetworking/NSURLSession (= 3.1.0)
    - AFNetworking/Reachability (= 3.1.0)
    - AFNetworking/Security (= 3.1.0)
    - AFNetworking/Serialization (= 3.1.0)
    - AFNetworking/UIKit (= 3.1.0)
  - AFNetworking/NSURLSession (3.1.0):
    - AFNetworking/Reachability
    - AFNetworking/Security
    - AFNetworking/Serialization
  - AFNetworking/Reachability (3.1.0)
  - AFNetworking/Security (3.1.0)
  - AFNetworking/Serialization (3.1.0)
  - AFNetworking/UIKit (3.1.0):
    - AFNetworking/NSURLSession
  - BDGMacros (0.0.16)
  - BDGViews (0.0.1)
  - JVFloatLabeledTextField (1.1.1)

DEPENDENCIES:
  - AFNetworking
  - BDGMacros
  - BDGViews
  - JVFloatLabeledTextField

SPEC CHECKSUMS:
  AFNetworking: 5e0e199f73d8626b11e79750991f5d173d1f8b67
  BDGMacros: e2018adfb2fd00c4ab41fbb3bc93c38e5165da92
  BDGViews: db364b96a02d02b8b5aba3f0b3dea798506d683f
  JVFloatLabeledTextField: 0e5524b097f102036214dd8279edc8ecf08b5e18

PODFILE CHECKSUM: fbbf9dc8d0d6ea52eed1a9a5e865a18417952bf4

COCOAPODS: 1.0.1
